
Microsoft Visual Studio Solution File, Format Version 12.00
# Visual Studio Version 16
VisualStudioVersion = 16.0.29613.14
MinimumVisualStudioVersion = 10.0.40219.1
Project("{FAE04EC0-301F-11D3-BF4B-00C04F79EFBC}") = "DemoApp", "DemoApp\DemoApp.csproj", "{28D5C30E-4249-4157-90CB-32D2FD32A9D5}"
EndProject
Project("{FAE04EC0-301F-11D3-BF4B-00C04F79EFBC}") = "DempApp.Data", "DempApp.Data\DempApp.Data.csproj", "{A63E1A86-69B4-4732-A1ED-10646802D101}"
EndProject
Global
	GlobalSection(SolutionConfigurationPlatforms) = preSolution
		Debug|Any CPU = Debug|Any CPU
		Release|Any CPU = Release|Any CPU
	EndGlobalSection
	GlobalSection(ProjectConfigurationPlatforms) = postSolution
		{28D5C30E-4249-4157-90CB-32D2FD32A9D5}.Debug|Any CPU.ActiveCfg = Debug|Any CPU
		{28D5C30E-4249-4157-90CB-32D2FD32A9D5}.Debug|Any CPU.Build.0 = Debug|Any CPU
		{28D5C30E-4249-4157-90CB-32D2FD32A9D5}.Release|Any CPU.ActiveCfg = Release|Any CPU
		{28D5C30E-4249-4157-90CB-32D2FD32A9D5}.Release|Any CPU.Build.0 = Release|Any CPU
		{A63E1A86-69B4-4732-A1ED-10646802D101}.Debug|Any CPU.ActiveCfg = Debug|Any CPU
		{A63E1A86-69B4-4732-A1ED-10646802D101}.Debug|Any CPU.Build.0 = Debug|Any CPU
		{A63E1A86-69B4-4732-A1ED-10646802D101}.Release|Any CPU.ActiveCfg = Release|Any CPU
		{A63E1A86-69B4-4732-A1ED-10646802D101}.Release|Any CPU.Build.0 = Release|Any CPU
	EndGlobalSection
	GlobalSection(SolutionProperties) = preSolution
		HideSolutionNode = FALSE
	EndGlobalSection
	GlobalSection(ExtensibilityGlobals) = postSolution
		SolutionGuid = {AD99AFD0-AAC9-4A2F-BC92-7E5635B9CEFA}
	EndGlobalSection
EndGlobal
